
Microsoft Visual Studio Solution File, Format Version 12.00
# Visual Studio 15
VisualStudioVersion = 15.0.27130.2027
MinimumVisualStudioVersion = 10.0.40219.1
Project("{2150E333-8FDC-42A3-9474-1A3956D46DE8}") = "Presentation", "Presentation", "{14A1C729-7DCC-4FB1-B277-198D30626934}"
EndProject
Project("{2150E333-8FDC-42A3-9474-1A3956D46DE8}") = "Plugins", "Plugins", "{528230B3-1F09-48D9-AA58-0745947B6F98}"
EndProject
Project("{2150E333-8FDC-42A3-9474-1A3956D46DE8}") = "Libraries", "Libraries", "{5D5D6335-BDEB-471C-8FFC-B2DC806AD154}"
EndProject
Project("{2150E333-8FDC-42A3-9474-1A3956D46DE8}") = "Tests", "Tests", "{E4781A7C-1A27-4F2F-BB9C-C8B2ED802293}"
EndProject
Project("{FAE04EC0-301F-11D3-BF4B-00C04F79EFBC}") = "NopFramework.Core", "Libraries\NopFramework.Core\NopFramework.Core.csproj", "{ACE150DB-5FFC-40C9-8AEE-64105B050A47}"
EndProject
Project("{FAE04EC0-301F-11D3-BF4B-00C04F79EFBC}") = "NopFramework.Data", "Libraries\NopFramework.Data\NopFramework.Data.csproj", "{5E4AA686-21CA-42BD-AC68-2F8028911069}"
EndProject
Project("{FAE04EC0-301F-11D3-BF4B-00C04F79EFBC}") = "NopFramework.Services", "Libraries\NopFramework.Services\NopFramework.Services.csproj", "{18FB7DC2-F3EC-471E-9869-DE3B8C28E197}"
EndProject
Project("{FAE04EC0-301F-11D3-BF4B-00C04F79EFBC}") = "NopFramework.Web", "Presentation\NopFramework.Web\NopFramework.Web.csproj", "{59C71BD5-EA34-4731-BA98-42CAD760536E}"
EndProject
Project("{FAE04EC0-301F-11D3-BF4B-00C04F79EFBC}") = "NopFramework.Admins", "Presentation\NopFramework.Web\Administration\NopFramework.Admins.csproj", "{DCEF5F49-1CDF-46F2-B71A-7E173898F4A6}"
EndProject
Project("{FAE04EC0-301F-11D3-BF4B-00C04F79EFBC}") = "Plugin.Widgets.NivoSlider", "Plugins\Plugin.Widgets.NivoSlider\Plugin.Widgets.NivoSlider\Plugin.Widgets.NivoSlider.csproj", "{93A04A7C-B8AE-40CB-9493-1D26AAEFB89F}"
EndProject
Project("{FAE04EC0-301F-11D3-BF4B-00C04F79EFBC}") = "Plugin.Widgets.HelloWorld", "Plugins\Plugin.Widgets.HelloWorld\Plugin.Widgets.HelloWorld.csproj", "{33335FC1-DAFF-4F84-9A9B-21C3C8A9402E}"
EndProject
Project("{FAE04EC0-301F-11D3-BF4B-00C04F79EFBC}") = "NopFramework.Web.Framework", "Presentation\NopFramework.Web.Framework\NopFramework.Web.Framework.csproj", "{0FD52533-3AA6-4DD1-8B51-F859978521F1}"
EndProject
Project("{FAE04EC0-301F-11D3-BF4B-00C04F79EFBC}") = "Plugin.ExternalAuth.WeiXin", "F:\Demo\开源框架\nopCommerce框架\nopFramework\Plugins\Plugin.ExternalAuth.WeiXin\Plugin.ExternalAuth.WeiXin.csproj", "{A89BDA99-7E1F-46C3-B7D4-08B4F52C9664}"
EndProject
Project("{FAE04EC0-301F-11D3-BF4B-00C04F79EFBC}") = "Plugin.Payments.Alipay", "F:\Demo\开源框架\nopCommerce框架\nopFramework\Plugins\Plugin.Payments.Alipay\Plugin.Payments.Alipay.csproj", "{89A9EE77-E9FA-404D-9AC6-F8FDCF748A6B}"
EndProject
Global
	GlobalSection(SolutionConfigurationPlatforms) = preSolution
		Debug|Any CPU = Debug|Any CPU
		Debug|x86 = Debug|x86
		Release|Any CPU = Release|Any CPU
		Release|x86 = Release|x86
	EndGlobalSection
	GlobalSection(ProjectConfigurationPlatforms) = postSolution
		{ACE150DB-5FFC-40C9-8AEE-64105B050A47}.Debug|Any CPU.ActiveCfg = Debug|Any CPU
		{ACE150DB-5FFC-40C9-8AEE-64105B050A47}.Debug|Any CPU.Build.0 = Debug|Any CPU
		{ACE150DB-5FFC-40C9-8AEE-64105B050A47}.Debug|x86.ActiveCfg = Debug|Any CPU
		{ACE150DB-5FFC-40C9-8AEE-64105B050A47}.Debug|x86.Build.0 = Debug|Any CPU
		{ACE150DB-5FFC-40C9-8AEE-64105B050A47}.Release|Any CPU.ActiveCfg = Release|Any CPU
		{ACE150DB-5FFC-40C9-8AEE-64105B050A47}.Release|Any CPU.Build.0 = Release|Any CPU
		{ACE150DB-5FFC-40C9-8AEE-64105B050A47}.Release|x86.ActiveCfg = Release|Any CPU
		{ACE150DB-5FFC-40C9-8AEE-64105B050A47}.Release|x86.Build.0 = Release|Any CPU
		{5E4AA686-21CA-42BD-AC68-2F8028911069}.Debug|Any CPU.ActiveCfg = Debug|Any CPU
		{5E4AA686-21CA-42BD-AC68-2F8028911069}.Debug|Any CPU.Build.0 = Debug|Any CPU
		{5E4AA686-21CA-42BD-AC68-2F8028911069}.Debug|x86.ActiveCfg = Debug|Any CPU
		{5E4AA686-21CA-42BD-AC68-2F8028911069}.Debug|x86.Build.0 = Debug|Any CPU
		{5E4AA686-21CA-42BD-AC68-2F8028911069}.Release|Any CPU.ActiveCfg = Release|Any CPU
		{5E4AA686-21CA-42BD-AC68-2F8028911069}.Release|Any CPU.Build.0 = Release|Any CPU
		{5E4AA686-21CA-42BD-AC68-2F8028911069}.Release|x86.ActiveCfg = Release|Any CPU
		{5E4AA686-21CA-42BD-AC68-2F8028911069}.Release|x86.Build.0 = Release|Any CPU
		{18FB7DC2-F3EC-471E-9869-DE3B8C28E197}.Debug|Any CPU.ActiveCfg = Debug|Any CPU
		{18FB7DC2-F3EC-471E-9869-DE3B8C28E197}.Debug|Any CPU.Build.0 = Debug|Any CPU
		{18FB7DC2-F3EC-471E-9869-DE3B8C28E197}.Debug|x86.ActiveCfg = Debug|Any CPU
		{18FB7DC2-F3EC-471E-9869-DE3B8C28E197}.Debug|x86.Build.0 = Debug|Any CPU
		{18FB7DC2-F3EC-471E-9869-DE3B8C28E197}.Release|Any CPU.ActiveCfg = Release|Any CPU
		{18FB7DC2-F3EC-471E-9869-DE3B8C28E197}.Release|Any CPU.Build.0 = Release|Any CPU
		{18FB7DC2-F3EC-471E-9869-DE3B8C28E197}.Release|x86.ActiveCfg = Release|Any CPU
		{18FB7DC2-F3EC-471E-9869-DE3B8C28E197}.Release|x86.Build.0 = Release|Any CPU
		{59C71BD5-EA34-4731-BA98-42CAD760536E}.Debug|Any CPU.ActiveCfg = Debug|Any CPU
		{59C71BD5-EA34-4731-BA98-42CAD760536E}.Debug|Any CPU.Build.0 = Debug|Any CPU
		{59C71BD5-EA34-4731-BA98-42CAD760536E}.Debug|x86.ActiveCfg = Debug|Any CPU
		{59C71BD5-EA34-4731-BA98-42CAD760536E}.Debug|x86.Build.0 = Debug|Any CPU
		{59C71BD5-EA34-4731-BA98-42CAD760536E}.Release|Any CPU.ActiveCfg = Release|Any CPU
		{59C71BD5-EA34-4731-BA98-42CAD760536E}.Release|Any CPU.Build.0 = Release|Any CPU
		{59C71BD5-EA34-4731-BA98-42CAD760536E}.Release|x86.ActiveCfg = Release|Any CPU
		{59C71BD5-EA34-4731-BA98-42CAD760536E}.Release|x86.Build.0 = Release|Any CPU
		{DCEF5F49-1CDF-46F2-B71A-7E173898F4A6}.Debug|Any CPU.ActiveCfg = Debug|Any CPU
		{DCEF5F49-1CDF-46F2-B71A-7E173898F4A6}.Debug|Any CPU.Build.0 = Debug|Any CPU
		{DCEF5F49-1CDF-46F2-B71A-7E173898F4A6}.Debug|x86.ActiveCfg = Debug|Any CPU
		{DCEF5F49-1CDF-46F2-B71A-7E173898F4A6}.Debug|x86.Build.0 = Debug|Any CPU
		{DCEF5F49-1CDF-46F2-B71A-7E173898F4A6}.Release|Any CPU.ActiveCfg = Release|Any CPU
		{DCEF5F49-1CDF-46F2-B71A-7E173898F4A6}.Release|Any CPU.Build.0 = Release|Any CPU
		{DCEF5F49-1CDF-46F2-B71A-7E173898F4A6}.Release|x86.ActiveCfg = Release|Any CPU
		{DCEF5F49-1CDF-46F2-B71A-7E173898F4A6}.Release|x86.Build.0 = Release|Any CPU
		{93A04A7C-B8AE-40CB-9493-1D26AAEFB89F}.Debug|Any CPU.ActiveCfg = Debug|Any CPU
		{93A04A7C-B8AE-40CB-9493-1D26AAEFB89F}.Debug|Any CPU.Build.0 = Debug|Any CPU
		{93A04A7C-B8AE-40CB-9493-1D26AAEFB89F}.Debug|x86.ActiveCfg = Debug|Any CPU
		{93A04A7C-B8AE-40CB-9493-1D26AAEFB89F}.Debug|x86.Build.0 = Debug|Any CPU
		{93A04A7C-B8AE-40CB-9493-1D26AAEFB89F}.Release|Any CPU.ActiveCfg = Release|Any CPU
		{93A04A7C-B8AE-40CB-9493-1D26AAEFB89F}.Release|Any CPU.Build.0 = Release|Any CPU
		{93A04A7C-B8AE-40CB-9493-1D26AAEFB89F}.Release|x86.ActiveCfg = Release|x86
		{93A04A7C-B8AE-40CB-9493-1D26AAEFB89F}.Release|x86.Build.0 = Release|x86
		{33335FC1-DAFF-4F84-9A9B-21C3C8A9402E}.Debug|Any CPU.ActiveCfg = Debug|Any CPU
		{33335FC1-DAFF-4F84-9A9B-21C3C8A9402E}.Debug|Any CPU.Build.0 = Debug|Any CPU
		{33335FC1-DAFF-4F84-9A9B-21C3C8A9402E}.Debug|x86.ActiveCfg = Debug|Any CPU
		{33335FC1-DAFF-4F84-9A9B-21C3C8A9402E}.Debug|x86.Build.0 = Debug|Any CPU
		{33335FC1-DAFF-4F84-9A9B-21C3C8A9402E}.Release|Any CPU.ActiveCfg = Release|Any CPU
		{33335FC1-DAFF-4F84-9A9B-21C3C8A9402E}.Release|Any CPU.Build.0 = Release|Any CPU
		{33335FC1-DAFF-4F84-9A9B-21C3C8A9402E}.Release|x86.ActiveCfg = Release|Any CPU
		{33335FC1-DAFF-4F84-9A9B-21C3C8A9402E}.Release|x86.Build.0 = Release|Any CPU
		{0FD52533-3AA6-4DD1-8B51-F859978521F1}.Debug|Any CPU.ActiveCfg = Debug|Any CPU
		{0FD52533-3AA6-4DD1-8B51-F859978521F1}.Debug|Any CPU.Build.0 = Debug|Any CPU
		{0FD52533-3AA6-4DD1-8B51-F859978521F1}.Debug|x86.ActiveCfg = Debug|Any CPU
		{0FD52533-3AA6-4DD1-8B51-F859978521F1}.Debug|x86.Build.0 = Debug|Any CPU
		{0FD52533-3AA6-4DD1-8B51-F859978521F1}.Release|Any CPU.ActiveCfg = Release|Any CPU
		{0FD52533-3AA6-4DD1-8B51-F859978521F1}.Release|Any CPU.Build.0 = Release|Any CPU
		{0FD52533-3AA6-4DD1-8B51-F859978521F1}.Release|x86.ActiveCfg = Release|Any CPU
		{0FD52533-3AA6-4DD1-8B51-F859978521F1}.Release|x86.Build.0 = Release|Any CPU
		{A89BDA99-7E1F-46C3-B7D4-08B4F52C9664}.Debug|Any CPU.ActiveCfg = Debug|Any CPU
		{A89BDA99-7E1F-46C3-B7D4-08B4F52C9664}.Debug|Any CPU.Build.0 = Debug|Any CPU
		{A89BDA99-7E1F-46C3-B7D4-08B4F52C9664}.Debug|x86.ActiveCfg = Debug|Any CPU
		{A89BDA99-7E1F-46C3-B7D4-08B4F52C9664}.Debug|x86.Build.0 = Debug|Any CPU
		{A89BDA99-7E1F-46C3-B7D4-08B4F52C9664}.Release|Any CPU.ActiveCfg = Release|Any CPU
		{A89BDA99-7E1F-46C3-B7D4-08B4F52C9664}.Release|Any CPU.Build.0 = Release|Any CPU
		{A89BDA99-7E1F-46C3-B7D4-08B4F52C9664}.Release|x86.ActiveCfg = Release|Any CPU
		{A89BDA99-7E1F-46C3-B7D4-08B4F52C9664}.Release|x86.Build.0 = Release|Any CPU
		{89A9EE77-E9FA-404D-9AC6-F8FDCF748A6B}.Debug|Any CPU.ActiveCfg = Debug|Any CPU
		{89A9EE77-E9FA-404D-9AC6-F8FDCF748A6B}.Debug|Any CPU.Build.0 = Debug|Any CPU
		{89A9EE77-E9FA-404D-9AC6-F8FDCF748A6B}.Debug|x86.ActiveCfg = Debug|Any CPU
		{89A9EE77-E9FA-404D-9AC6-F8FDCF748A6B}.Debug|x86.Build.0 = Debug|Any CPU
		{89A9EE77-E9FA-404D-9AC6-F8FDCF748A6B}.Release|Any CPU.ActiveCfg = Release|Any CPU
		{89A9EE77-E9FA-404D-9AC6-F8FDCF748A6B}.Release|Any CPU.Build.0 = Release|Any CPU
		{89A9EE77-E9FA-404D-9AC6-F8FDCF748A6B}.Release|x86.ActiveCfg = Release|Any CPU
		{89A9EE77-E9FA-404D-9AC6-F8FDCF748A6B}.Release|x86.Build.0 = Release|Any CPU
	EndGlobalSection
	GlobalSection(SolutionProperties) = preSolution
		HideSolutionNode = FALSE
	EndGlobalSection
	GlobalSection(NestedProjects) = preSolution
		{ACE150DB-5FFC-40C9-8AEE-64105B050A47} = {5D5D6335-BDEB-471C-8FFC-B2DC806AD154}
		{5E4AA686-21CA-42BD-AC68-2F8028911069} = {5D5D6335-BDEB-471C-8FFC-B2DC806AD154}
		{18FB7DC2-F3EC-471E-9869-DE3B8C28E197} = {5D5D6335-BDEB-471C-8FFC-B2DC806AD154}
		{59C71BD5-EA34-4731-BA98-42CAD760536E} = {14A1C729-7DCC-4FB1-B277-198D30626934}
		{DCEF5F49-1CDF-46F2-B71A-7E173898F4A6} = {14A1C729-7DCC-4FB1-B277-198D30626934}
		{93A04A7C-B8AE-40CB-9493-1D26AAEFB89F} = {528230B3-1F09-48D9-AA58-0745947B6F98}
		{33335FC1-DAFF-4F84-9A9B-21C3C8A9402E} = {528230B3-1F09-48D9-AA58-0745947B6F98}
		{0FD52533-3AA6-4DD1-8B51-F859978521F1} = {14A1C729-7DCC-4FB1-B277-198D30626934}
		{A89BDA99-7E1F-46C3-B7D4-08B4F52C9664} = {528230B3-1F09-48D9-AA58-0745947B6F98}
		{89A9EE77-E9FA-404D-9AC6-F8FDCF748A6B} = {528230B3-1F09-48D9-AA58-0745947B6F98}
	EndGlobalSection
	GlobalSection(ExtensibilityGlobals) = postSolution
		SolutionGuid = {F7C9FFA4-CD77-4672-BB6B-1D63D23F283B}
	EndGlobalSection
EndGlobal
